
Microsoft Visual Studio Solution File, Format Version 12.00
Project("{FAE04EC0-301F-11D3-BF4B-00C04F79EFBC}") = "Examples", "Examples\Examples.csproj", "{89B22590-01EC-41C0-9779-542369B98F8D}"
EndProject
Global
	GlobalSection(SolutionConfigurationPlatforms) = preSolution
		Debug|Any CPU = Debug|Any CPU
		Release|Any CPU = Release|Any CPU
	EndGlobalSection
	GlobalSection(ProjectConfigurationPlatforms) = postSolution
		{89B22590-01EC-41C0-9779-542369B98F8D}.Debug|Any CPU.ActiveCfg = Debug|Any CPU
		{89B22590-01EC-41C0-9779-542369B98F8D}.Debug|Any CPU.Build.0 = Debug|Any CPU
		{89B22590-01EC-41C0-9779-542369B98F8D}.Release|Any CPU.ActiveCfg = Release|Any CPU
		{89B22590-01EC-41C0-9779-542369B98F8D}.Release|Any CPU.Build.0 = Release|Any CPU
	EndGlobalSection
EndGlobal
